{
  "requires": true,
  "lockfileVersion": 1,
  "dependencies": {
    "@chenfengyuan/create-vue-component": {
      "version": "1.1.0",
      "resolved": "https://registry.npmjs.org/@chenfengyuan/create-vue-component/-/create-vue-component-1.1.0.tgz",
      "integrity": "sha512-TW/HVptQa/3Hms1FZPln2UbWuQudUKbbKnEGhApjA/GMIfQ41Lt3SRaLwSEkOJozVIbXllAA5RAFF9zTqeIsqg==",
      "requires": {
        "is-vue-component": "^1.0.0"
      }
    },
    "@chenfengyuan/vue-carousel": {
      "version": "1.0.1",
      "resolved": "https://registry.npmjs.org/@chenfengyuan/vue-carousel/-/vue-carousel-1.0.1.tgz",
      "integrity": "sha512-3jujeecNVwOtBzJ6AVVVKF29AzJK1JnELwvWu4bulyXDj4IUbumWrLGEPLX2N/c08Nv2Pc/cKdQQz8q5ZQGzsQ==",
      "requires": {
        "@chenfengyuan/create-vue-component": "^1.1.0"
      }
    },
    "de-indent": {
      "version": "1.0.2",
      "resolved": "https://registry.npmjs.org/de-indent/-/de-indent-1.0.2.tgz",
      "integrity": "sha1-sgOOhG3DO6pXlhKNCAS0VbjB4h0="
    },
    "he": {
      "version": "1.2.0",
      "resolved": "https://registry.npmjs.org/he/-/he-1.2.0.tgz",
      "integrity": "sha512-F/1DnUGPopORZi0ni+CvrCgHQ5FyEAHRLSApuYWMmrbSwoN2Mn/7k+Gl38gJnR7yyDZk6WLXwiGod1JOWNDKGw=="
    },
    "is-non-null-object": {
      "version": "1.0.0",
      "resolved": "https://registry.npmjs.org/is-non-null-object/-/is-non-null-object-1.0.0.tgz",
      "integrity": "sha512-MYBGKRSoNifYx3aoV+TNrUieiAFkdZLXCz5OoiPpArtQv9WWiDwgMXZMeC8bPN7I0CsYpgZxg3C4wjljqggn8w=="
    },
    "is-vue-component": {
      "version": "1.0.0",
      "resolved": "https://registry.npmjs.org/is-vue-component/-/is-vue-component-1.0.0.tgz",
      "integrity": "sha512-frTAznlMCFMghK3mn262vQwPacdac/RqIdI7yzvQ9kiaktUIzocQ7xNt0xOj6C5Q61uHJgzQsScwmY8MwG4/sA==",
      "requires": {
        "is-non-null-object": "^1.0.0"
      }
    },
    "vue": {
      "version": "2.6.8",
      "resolved": "https://registry.npmjs.org/vue/-/vue-2.6.8.tgz",
      "integrity": "sha512-+vp9lEC2Kt3yom673pzg1J7T1NVGuGzO9j8Wxno+rQN2WYVBX2pyo/RGQ3fXCLh2Pk76Skw/laAPCuBuEQ4diw=="
    },
    "vue-template-compiler": {
      "version": "2.6.8",
      "resolved": "https://registry.npmjs.org/vue-template-compiler/-/vue-template-compiler-2.6.8.tgz",
      "integrity": "sha512-SwWKANE5ee+oJg+dEJmsdxsxWYICPsNwk68+1AFjOS8l0O/Yz2845afuJtFqf3UjS/vXG7ECsPeHHEAD65Cjng==",
      "requires": {
        "de-indent": "^1.0.2",
        "he": "^1.1.0"
      }
    }
  }
}
